
Microsoft Visual Studio Solution File, Format Version 12.00
# Visual Studio Version 16
VisualStudioVersion = 25.0.1703.6
MinimumVisualStudioVersion = 10.0.40219.1
Project("{FAE04EC0-301F-11D3-BF4B-00C04F79EFBC}") = "FireMonitor", "FireMonitor\FireMonitor.csproj", "{898A6D0B-02C6-49EE-81C2-35B9FB3EE981}"
EndProject
Global
	GlobalSection(SolutionConfigurationPlatforms) = preSolution
		Debug|Any CPU = Debug|Any CPU
		Release|Any CPU = Release|Any CPU
	EndGlobalSection
	GlobalSection(ProjectConfigurationPlatforms) = postSolution
		{898A6D0B-02C6-49EE-81C2-35B9FB3EE981}.Debug|Any CPU.ActiveCfg = Debug|Any CPU
		{898A6D0B-02C6-49EE-81C2-35B9FB3EE981}.Debug|Any CPU.Build.0 = Debug|Any CPU
		{898A6D0B-02C6-49EE-81C2-35B9FB3EE981}.Release|Any CPU.ActiveCfg = Release|Any CPU
		{898A6D0B-02C6-49EE-81C2-35B9FB3EE981}.Release|Any CPU.Build.0 = Release|Any CPU
	EndGlobalSection
	GlobalSection(SolutionProperties) = preSolution
		HideSolutionNode = FALSE
	EndGlobalSection
	GlobalSection(ExtensibilityGlobals) = postSolution
		SolutionGuid = {D492338D-9908-46E3-9561-2A3A78CEA0A2}
	EndGlobalSection
EndGlobal
